// !$*UTF8*$!
{
	archiveVersion = 1;
	classes = {
	};
	objectVersion = 46;
	objects = {

/* Begin PBXBuildFile section */
		231CC2711AF9714500AFEE0D /* LaunchFestook.storyboard in Resources */ = {isa = PBXBuildFile; fileRef = 231CC2701AF9714500AFEE0D /* LaunchFestook.storyboard */; };
		232A17671AF7766A00489406 /* ConcertRatingsVC.m in Sources */ = {isa = PBXBuildFile; fileRef = 232A17661AF7766A00489406 /* ConcertRatingsVC.m */; };
		23381B3B1AF78316005F52C8 /* ConcertRatingTableViewCell.m in Sources */ = {isa = PBXBuildFile; fileRef = 23381B3A1AF78316005F52C8 /* ConcertRatingTableViewCell.m */; };
		236C5AAF1AF276E600D885E4 /* AboutVC.m in Sources */ = {isa = PBXBuildFile; fileRef = 236C5AAE1AF276E600D885E4 /* AboutVC.m */; };
		238070621AF4BE39009DE4B8 /* LegalTextVC.m in Sources */ = {isa = PBXBuildFile; fileRef = 238070611AF4BE39009DE4B8 /* LegalTextVC.m */; };
		23D1525F1AF0E91C00A00AC9 /* libFlurry_6.3.0.a in Frameworks */ = {isa = PBXBuildFile; fileRef = 23D1525E1AF0E91C00A00AC9 /* libFlurry_6.3.0.a */; };
		23EA65861AEF94CA00D3DD3C /* main.m in Sources */ = {isa = PBXBuildFile; fileRef = 23EA65851AEF94CA00D3DD3C /* main.m */; };
		23EA65A01AEF94CA00D3DD3C /* Festookv2Tests.m in Sources */ = {isa = PBXBuildFile; fileRef = 23EA659F1AEF94CA00D3DD3C /* Festookv2Tests.m */; };
		23EA65AB1AEF95E100D3DD3C /* Main.storyboard in Resources */ = {isa = PBXBuildFile; fileRef = 23EA65A91AEF95E100D3DD3C /* Main.storyboard */; };
		23EA65AE1AEF95FD00D3DD3C /* AppDelegate.m in Sources */ = {isa = PBXBuildFile; fileRef = 23EA65AD1AEF95FD00D3DD3C /* AppDelegate.m */; };
		23EA65B81AEF961600D3DD3C /* Band.m in Sources */ = {isa = PBXBuildFile; fileRef = 23EA65B11AEF961600D3DD3C /* Band.m */; };
		23EA65B91AEF961600D3DD3C /* BandSimilarityCalculator.m in Sources */ = {isa = PBXBuildFile; fileRef = 23EA65B31AEF961600D3DD3C /* BandSimilarityCalculator.m */; };
		23EA65BA1AEF961600D3DD3C /* Festival.m in Sources */ = {isa = PBXBuildFile; fileRef = 23EA65B51AEF961600D3DD3C /* Festival.m */; };
		23EA65BB1AEF961600D3DD3C /* FestivalSchedule.m in Sources */ = {isa = PBXBuildFile; fileRef = 23EA65B71AEF961600D3DD3C /* FestivalSchedule.m */; };
		23EA65E21AEF961E00D3DD3C /* Connectability.m in Sources */ = {isa = PBXBuildFile; fileRef = 23EA65BE1AEF961E00D3DD3C /* Connectability.m */; };
		23EA65E31AEF961E00D3DD3C /* UIApplication+NetworkActivity.m in Sources */ = {isa = PBXBuildFile; fileRef = 23EA65C01AEF961E00D3DD3C /* UIApplication+NetworkActivity.m */; };
		23EA65E41AEF961E00D3DD3C /* BandCollectionViewCell.m in Sources */ = {isa = PBXBuildFile; fileRef = 23EA65C31AEF961E00D3DD3C /* BandCollectionViewCell.m */; };
		23EA65E51AEF961E00D3DD3C /* BandsInSectionsCollectionHeaderView.m in Sources */ = {isa = PBXBuildFile; fileRef = 23EA65C51AEF961E00D3DD3C /* BandsInSectionsCollectionHeaderView.m */; };
		23EA65E61AEF961E00D3DD3C /* FestivalCollectionViewCell.m in Sources */ = {isa = PBXBuildFile; fileRef = 23EA65C71AEF961E00D3DD3C /* FestivalCollectionViewCell.m */; };
		23EA65E71AEF961E00D3DD3C /* FestivalIconsMenuTableViewCell.m in Sources */ = {isa = PBXBuildFile; fileRef = 23EA65C91AEF961E00D3DD3C /* FestivalIconsMenuTableViewCell.m */; };
		23EA65E81AEF961E00D3DD3C /* FestivalLogoMenuTableViewCell.m in Sources */ = {isa = PBXBuildFile; fileRef = 23EA65CB1AEF961E00D3DD3C /* FestivalLogoMenuTableViewCell.m */; };
		23EA65E91AEF961E00D3DD3C /* BandInfoVC.m in Sources */ = {isa = PBXBuildFile; fileRef = 23EA65CE1AEF961E00D3DD3C /* BandInfoVC.m */; };
		23EA65EA1AEF961E00D3DD3C /* FestivalInfoVC.m in Sources */ = {isa = PBXBuildFile; fileRef = 23EA65D01AEF961E00D3DD3C /* FestivalInfoVC.m */; };
		23EA65EB1AEF961E00D3DD3C /* FestivalLineupVC.m in Sources */ = {isa = PBXBuildFile; fileRef = 23EA65D21AEF961E00D3DD3C /* FestivalLineupVC.m */; };
		23EA65EC1AEF961E00D3DD3C /* FestivalMenuTVC.m in Sources */ = {isa = PBXBuildFile; fileRef = 23EA65D41AEF961E00D3DD3C /* FestivalMenuTVC.m */; };
		23EA65ED1AEF961E00D3DD3C /* FestivalRevealVC.m in Sources */ = {isa = PBXBuildFile; fileRef = 23EA65D61AEF961E00D3DD3C /* FestivalRevealVC.m */; };
		23EA65EE1AEF961E00D3DD3C /* FestivalsBrowserVC.m in Sources */ = {isa = PBXBuildFile; fileRef = 23EA65D81AEF961E00D3DD3C /* FestivalsBrowserVC.m */; };
		23EA65EF1AEF961E00D3DD3C /* FestivalScheduleVC.m in Sources */ = {isa = PBXBuildFile; fileRef = 23EA65DA1AEF961E00D3DD3C /* FestivalScheduleVC.m */; };
		23EA65F01AEF961E00D3DD3C /* SWRevealViewController.m in Sources */ = {isa = PBXBuildFile; fileRef = 23EA65DC1AEF961E00D3DD3C /* SWRevealViewController.m */; };
		23EA65F11AEF961E00D3DD3C /* EbcEnhancedView.m in Sources */ = {isa = PBXBuildFile; fileRef = 23EA65DF1AEF961E00D3DD3C /* EbcEnhancedView.m */; };
		23EA65F21AEF961E00D3DD3C /* UIImage+ImageEffects.m in Sources */ = {isa = PBXBuildFile; fileRef = 23EA65E11AEF961E00D3DD3C /* UIImage+ImageEffects.m */; };
		23EA65F41AEF96D800D3DD3C /* Images.xcassets in Resources */ = {isa = PBXBuildFile; fileRef = 23EA65F31AEF96D800D3DD3C /* Images.xcassets */; };
		23EF6B0E1AF8FC110019118C /* LaunchVC.m in Sources */ = {isa = PBXBuildFile; fileRef = 23EF6B0D1AF8FC110019118C /* LaunchVC.m */; };
/* End PBXBuildFile section */

/* Begin PBXContainerItemProxy section */
		23EA659A1AEF94CA00D3DD3C /* PBXContainerItemProxy */ = {
			isa = PBXContainerItemProxy;
			containerPortal = 23EA65781AEF94C900D3DD3C /* Project object */;
			proxyType = 1;
			remoteGlobalIDString = 23EA657F1AEF94CA00D3DD3C;
			remoteInfo = Festookv2;
		};
/* End PBXContainerItemProxy section */

/* Begin PBXFileReference section */
		231CC2701AF9714500AFEE0D /* LaunchFestook.storyboard */ = {isa = PBXFileReference; fileEncoding = 4; lastKnownFileType = file.storyboard; path = LaunchFestook.storyboard; sourceTree = "<group>"; };
		232A17651AF7766A00489406 /* ConcertRatingsVC.h */ = {isa = PBXFileReference; fileEncoding = 4; lastKnownFileType = sourcecode.c.h; path = ConcertRatingsVC.h; sourceTree = "<group>"; };
		232A17661AF7766A00489406 /* ConcertRatingsVC.m */ = {isa = PBXFileReference; fileEncoding = 4; lastKnownFileType = sourcecode.c.objc; path = ConcertRatingsVC.m; sourceTree = "<group>"; };
		23381B391AF78316005F52C8 /* ConcertRatingTableViewCell.h */ = {isa = PBXFileReference; fileEncoding = 4; lastKnownFileType = sourcecode.c.h; path = ConcertRatingTableViewCell.h; sourceTree = "<group>"; };
		23381B3A1AF78316005F52C8 /* ConcertRatingTableViewCell.m */ = {isa = PBXFileReference; fileEncoding = 4; lastKnownFileType = sourcecode.c.objc; path = ConcertRatingTableViewCell.m; sourceTree = "<group>"; };
		236C5AAD1AF276E600D885E4 /* AboutVC.h */ = {isa = PBXFileReference; fileEncoding = 4; lastKnownFileType = sourcecode.c.h; path = AboutVC.h; sourceTree = "<group>"; };
		236C5AAE1AF276E600D885E4 /* AboutVC.m */ = {isa = PBXFileReference; fileEncoding = 4; lastKnownFileType = sourcecode.c.objc; path = AboutVC.m; sourceTree = "<group>"; };
		238070601AF4BE39009DE4B8 /* LegalTextVC.h */ = {isa = PBXFileReference; fileEncoding = 4; lastKnownFileType = sourcecode.c.h; path = LegalTextVC.h; sourceTree = "<group>"; };
		238070611AF4BE39009DE4B8 /* LegalTextVC.m */ = {isa = PBXFileReference; fileEncoding = 4; lastKnownFileType = sourcecode.c.objc; path = LegalTextVC.m; sourceTree = "<group>"; };
		23D1525D1AF0E91C00A00AC9 /* Flurry.h */ = {isa = PBXFileReference; fileEncoding = 4; lastKnownFileType = sourcecode.c.h; path = Flurry.h; sourceTree = "<group>"; };
		23D1525E1AF0E91C00A00AC9 /* libFlurry_6.3.0.a */ = {isa = PBXFileReference; lastKnownFileType = archive.ar; path = libFlurry_6.3.0.a; sourceTree = "<group>"; };
		23EA65801AEF94CA00D3DD3C /* Festookv2.app */ = {isa = PBXFileReference; explicitFileType = wrapper.application; includeInIndex = 0; path = Festookv2.app; sourceTree = BUILT_PRODUCTS_DIR; };
		23EA65841AEF94CA00D3DD3C /* Info.plist */ = {isa = PBXFileReference; lastKnownFileType = text.plist.xml; path = Info.plist; sourceTree = "<group>"; };
		23EA65851AEF94CA00D3DD3C /* main.m */ = {isa = PBXFileReference; lastKnownFileType = sourcecode.c.objc; path = main.m; sourceTree = "<group>"; };
		23EA65991AEF94CA00D3DD3C /* Festookv2Tests.xctest */ = {isa = PBXFileReference; explicitFileType = wrapper.cfbundle; includeInIndex = 0; path = Festookv2Tests.xctest; sourceTree = BUILT_PRODUCTS_DIR; };
		23EA659E1AEF94CA00D3DD3C /* Info.plist */ = {isa = PBXFileReference; lastKnownFileType = text.plist.xml; path = Info.plist; sourceTree = "<group>"; };
		23EA659F1AEF94CA00D3DD3C /* Festookv2Tests.m */ = {isa = PBXFileReference; lastKnownFileType = sourcecode.c.objc; path = Festookv2Tests.m; sourceTree = "<group>"; };
		23EA65AA1AEF95E100D3DD3C /* Base */ = {isa = PBXFileReference; lastKnownFileType = file.storyboard; name = Base; path = Base.lproj/Main.storyboard; sourceTree = "<group>"; };
		23EA65AC1AEF95FD00D3DD3C /* AppDelegate.h */ = {isa = PBXFileReference; fileEncoding = 4; lastKnownFileType = sourcecode.c.h; path = AppDelegate.h; sourceTree = "<group>"; };
		23EA65AD1AEF95FD00D3DD3C /* AppDelegate.m */ = {isa = PBXFileReference; fileEncoding = 4; lastKnownFileType = sourcecode.c.objc; path = AppDelegate.m; sourceTree = "<group>"; };
		23EA65B01AEF961600D3DD3C /* Band.h */ = {isa = PBXFileReference; fileEncoding = 4; lastKnownFileType = sourcecode.c.h; path = Band.h; sourceTree = "<group>"; };
		23EA65B11AEF961600D3DD3C /* Band.m */ = {isa = PBXFileReference; fileEncoding = 4; lastKnownFileType = sourcecode.c.objc; path = Band.m; sourceTree = "<group>"; };
		23EA65B21AEF961600D3DD3C /* BandSimilarityCalculator.h */ = {isa = PBXFileReference; fileEncoding = 4; lastKnownFileType = sourcecode.c.h; path = BandSimilarityCalculator.h; sourceTree = "<group>"; };
		23EA65B31AEF961600D3DD3C /* BandSimilarityCalculator.m */ = {isa = PBXFileReference; fileEncoding = 4; lastKnownFileType = sourcecode.c.objc; path = BandSimilarityCalculator.m; sourceTree = "<group>"; };
		23EA65B41AEF961600D3DD3C /* Festival.h */ = {isa = PBXFileReference; fileEncoding = 4; lastKnownFileType = sourcecode.c.h; path = Festival.h; sourceTree = "<group>"; };
		23EA65B51AEF961600D3DD3C /* Festival.m */ = {isa = PBXFileReference; fileEncoding = 4; lastKnownFileType = sourcecode.c.objc; path = Festival.m; sourceTree = "<group>"; };
		23EA65B61AEF961600D3DD3C /* FestivalSchedule.h */ = {isa = PBXFileReference; fileEncoding = 4; lastKnownFileType = sourcecode.c.h; path = FestivalSchedule.h; sourceTree = "<group>"; };
		23EA65B71AEF961600D3DD3C /* FestivalSchedule.m */ = {isa = PBXFileReference; fileEncoding = 4; lastKnownFileType = sourcecode.c.objc; path = FestivalSchedule.m; sourceTree = "<group>"; };
		23EA65BD1AEF961E00D3DD3C /* Connectability.h */ = {isa = PBXFileReference; fileEncoding = 4; lastKnownFileType = sourcecode.c.h; path = Connectability.h; sourceTree = "<group>"; };
		23EA65BE1AEF961E00D3DD3C /* Connectability.m */ = {isa = PBXFileReference; fileEncoding = 4; lastKnownFileType = sourcecode.c.objc; path = Connectability.m; sourceTree = "<group>"; };
		23EA65BF1AEF961E00D3DD3C /* UIApplication+NetworkActivity.h */ = {isa = PBXFileReference; fileEncoding = 4; lastKnownFileType = sourcecode.c.h; path = "UIApplication+NetworkActivity.h"; sourceTree = "<group>"; };
		23EA65C01AEF961E00D3DD3C /* UIApplication+NetworkActivity.m */ = {isa = PBXFileReference; fileEncoding = 4; lastKnownFileType = sourcecode.c.objc; path = "UIApplication+NetworkActivity.m"; sourceTree = "<group>"; };
		23EA65C21AEF961E00D3DD3C /* BandCollectionViewCell.h */ = {isa = PBXFileReference; fileEncoding = 4; lastKnownFileType = sourcecode.c.h; path = BandCollectionViewCell.h; sourceTree = "<group>"; };
		23EA65C31AEF961E00D3DD3C /* BandCollectionViewCell.m */ = {isa = PBXFileReference; fileEncoding = 4; lastKnownFileType = sourcecode.c.objc; path = BandCollectionViewCell.m; sourceTree = "<group>"; };
		23EA65C41AEF961E00D3DD3C /* BandsInSectionsCollectionHeaderView.h */ = {isa = PBXFileReference; fileEncoding = 4; lastKnownFileType = sourcecode.c.h; path = BandsInSectionsCollectionHeaderView.h; sourceTree = "<group>"; };
		23EA65C51AEF961E00D3DD3C /* BandsInSectionsCollectionHeaderView.m */ = {isa = PBXFileReference; fileEncoding = 4; lastKnownFileType = sourcecode.c.objc; path = BandsInSectionsCollectionHeaderView.m; sourceTree = "<group>"; };
		23EA65C61AEF961E00D3DD3C /* FestivalCollectionViewCell.h */ = {isa = PBXFileReference; fileEncoding = 4; lastKnownFileType = sourcecode.c.h; path = FestivalCollectionViewCell.h; sourceTree = "<group>"; };
		23EA65C71AEF961E00D3DD3C /* FestivalCollectionViewCell.m */ = {isa = PBXFileReference; fileEncoding = 4; lastKnownFileType = sourcecode.c.objc; path = FestivalCollectionViewCell.m; sourceTree = "<group>"; };
		23EA65C81AEF961E00D3DD3C /* FestivalIconsMenuTableViewCell.h */ = {isa = PBXFileReference; fileEncoding = 4; lastKnownFileType = sourcecode.c.h; path = FestivalIconsMenuTableViewCell.h; sourceTree = "<group>"; };
		23EA65C91AEF961E00D3DD3C /* FestivalIconsMenuTableViewCell.m */ = {isa = PBXFileReference; fileEncoding = 4; lastKnownFileType = sourcecode.c.objc; path = FestivalIconsMenuTableViewCell.m; sourceTree = "<group>"; };
		23EA65CA1AEF961E00D3DD3C /* FestivalLogoMenuTableViewCell.h */ = {isa = PBXFileReference; fileEncoding = 4; lastKnownFileType = sourcecode.c.h; path = FestivalLogoMenuTableViewCell.h; sourceTree = "<group>"; };
		23EA65CB1AEF961E00D3DD3C /* FestivalLogoMenuTableViewCell.m */ = {isa = PBXFileReference; fileEncoding = 4; lastKnownFileType = sourcecode.c.objc; path = FestivalLogoMenuTableViewCell.m; sourceTree = "<group>"; };
		23EA65CD1AEF961E00D3DD3C /* BandInfoVC.h */ = {isa = PBXFileReference; fileEncoding = 4; lastKnownFileType = sourcecode.c.h; path = BandInfoVC.h; sourceTree = "<group>"; };
		23EA65CE1AEF961E00D3DD3C /* BandInfoVC.m */ = {isa = PBXFileReference; fileEncoding = 4; lastKnownFileType = sourcecode.c.objc; path = BandInfoVC.m; sourceTree = "<group>"; };
		23EA65CF1AEF961E00D3DD3C /* FestivalInfoVC.h */ = {isa = PBXFileReference; fileEncoding = 4; lastKnownFileType = sourcecode.c.h; path = FestivalInfoVC.h; sourceTree = "<group>"; };
		23EA65D01AEF961E00D3DD3C /* FestivalInfoVC.m */ = {isa = PBXFileReference; fileEncoding = 4; lastKnownFileType = sourcecode.c.objc; path = FestivalInfoVC.m; sourceTree = "<group>"; };
		23EA65D11AEF961E00D3DD3C /* FestivalLineupVC.h */ = {isa = PBXFileReference; fileEncoding = 4; lastKnownFileType = sourcecode.c.h; path = FestivalLineupVC.h; sourceTree = "<group>"; };
		23EA65D21AEF961E00D3DD3C /* FestivalLineupVC.m */ = {isa = PBXFileReference; fileEncoding = 4; lastKnownFileType = sourcecode.c.objc; path = FestivalLineupVC.m; sourceTree = "<group>"; };
		23EA65D31AEF961E00D3DD3C /* FestivalMenuTVC.h */ = {isa = PBXFileReference; fileEncoding = 4; lastKnownFileType = sourcecode.c.h; path = FestivalMenuTVC.h; sourceTree = "<group>"; };
		23EA65D41AEF961E00D3DD3C /* FestivalMenuTVC.m */ = {isa = PBXFileReference; fileEncoding = 4; lastKnownFileType = sourcecode.c.objc; path = FestivalMenuTVC.m; sourceTree = "<group>"; };
		23EA65D51AEF961E00D3DD3C /* FestivalRevealVC.h */ = {isa = PBXFileReference; fileEncoding = 4; lastKnownFileType = sourcecode.c.h; path = FestivalRevealVC.h; sourceTree = "<group>"; };
		23EA65D61AEF961E00D3DD3C /* FestivalRevealVC.m */ = {isa = PBXFileReference; fileEncoding = 4; lastKnownFileType = sourcecode.c.objc; path = FestivalRevealVC.m; sourceTree = "<group>"; };
		23EA65D71AEF961E00D3DD3C /* FestivalsBrowserVC.h */ = {isa = PBXFileReference; fileEncoding = 4; lastKnownFileType = sourcecode.c.h; path = FestivalsBrowserVC.h; sourceTree = "<group>"; };
		23EA65D81AEF961E00D3DD3C /* FestivalsBrowserVC.m */ = {isa = PBXFileReference; fileEncoding = 4; lastKnownFileType = sourcecode.c.objc; path = FestivalsBrowserVC.m; sourceTree = "<group>"; };
		23EA65D91AEF961E00D3DD3C /* FestivalScheduleVC.h */ = {isa = PBXFileReference; fileEncoding = 4; lastKnownFileType = sourcecode.c.h; path = FestivalScheduleVC.h; sourceTree = "<group>"; };
		23EA65DA1AEF961E00D3DD3C /* FestivalScheduleVC.m */ = {isa = PBXFileReference; fileEncoding = 4; lastKnownFileType = sourcecode.c.objc; path = FestivalScheduleVC.m; sourceTree = "<group>"; };
		23EA65DB1AEF961E00D3DD3C /* SWRevealViewController.h */ = {isa = PBXFileReference; fileEncoding = 4; lastKnownFileType = sourcecode.c.h; path = SWRevealViewController.h; sourceTree = "<group>"; };
		23EA65DC1AEF961E00D3DD3C /* SWRevealViewController.m */ = {isa = PBXFileReference; fileEncoding = 4; lastKnownFileType = sourcecode.c.objc; path = SWRevealViewController.m; sourceTree = "<group>"; };
		23EA65DE1AEF961E00D3DD3C /* EbcEnhancedView.h */ = {isa = PBXFileReference; fileEncoding = 4; lastKnownFileType = sourcecode.c.h; path = EbcEnhancedView.h; sourceTree = "<group>"; };
		23EA65DF1AEF961E00D3DD3C /* EbcEnhancedView.m */ = {isa = PBXFileReference; fileEncoding = 4; lastKnownFileType = sourcecode.c.objc; path = EbcEnhancedView.m; sourceTree = "<group>"; };
		23EA65E01AEF961E00D3DD3C /* UIImage+ImageEffects.h */ = {isa = PBXFileReference; fileEncoding = 4; lastKnownFileType = sourcecode.c.h; path = "UIImage+ImageEffects.h"; sourceTree = "<group>"; };
		23EA65E11AEF961E00D3DD3C /* UIImage+ImageEffects.m */ = {isa = PBXFileReference; fileEncoding = 4; lastKnownFileType = sourcecode.c.objc; path = "UIImage+ImageEffects.m"; sourceTree = "<group>"; };
		23EA65F31AEF96D800D3DD3C /* Images.xcassets */ = {isa = PBXFileReference; lastKnownFileType = folder.assetcatalog; path = Images.xcassets; sourceTree = "<group>"; };
		23EF6B0C1AF8FC110019118C /* LaunchVC.h */ = {isa = PBXFileReference; fileEncoding = 4; lastKnownFileType = sourcecode.c.h; path = LaunchVC.h; sourceTree = "<group>"; };
		23EF6B0D1AF8FC110019118C /* LaunchVC.m */ = {isa = PBXFileReference; fileEncoding = 4; lastKnownFileType = sourcecode.c.objc; path = LaunchVC.m; sourceTree = "<group>"; };
/* End PBXFileReference section */

/* Begin PBXFrameworksBuildPhase section */
		23EA657D1AEF94CA00D3DD3C /* Frameworks */ = {
			isa = PBXFrameworksBuildPhase;
			buildActionMask = 2147483647;
			files = (
				23D1525F1AF0E91C00A00AC9 /* libFlurry_6.3.0.a in Frameworks */,
			);
			runOnlyForDeploymentPostprocessing = 0;
		};
		23EA65961AEF94CA00D3DD3C /* Frameworks */ = {
			isa = PBXFrameworksBuildPhase;
			buildActionMask = 2147483647;
			files = (
			);
			runOnlyForDeploymentPostprocessing = 0;
		};
/* End PBXFrameworksBuildPhase section */

/* Begin PBXGroup section */
		23D1525C1AF0E91C00A00AC9 /* Flurry */ = {
			isa = PBXGroup;
			children = (
				23D1525D1AF0E91C00A00AC9 /* Flurry.h */,
				23D1525E1AF0E91C00A00AC9 /* libFlurry_6.3.0.a */,
			);
			path = Flurry;
			sourceTree = "<group>";
		};
		23EA65771AEF94C900D3DD3C = {
			isa = PBXGroup;
			children = (
				23EA65821AEF94CA00D3DD3C /* Festookv2 */,
				23EA659C1AEF94CA00D3DD3C /* Festookv2Tests */,
				23EA65811AEF94CA00D3DD3C /* Products */,
			);
			sourceTree = "<group>";
		};
		23EA65811AEF94CA00D3DD3C /* Products */ = {
			isa = PBXGroup;
			children = (
				23EA65801AEF94CA00D3DD3C /* Festookv2.app */,
				23EA65991AEF94CA00D3DD3C /* Festookv2Tests.xctest */,
			);
			name = Products;
			sourceTree = "<group>";
		};
		23EA65821AEF94CA00D3DD3C /* Festookv2 */ = {
			isa = PBXGroup;
			children = (
				23EA65A91AEF95E100D3DD3C /* Main.storyboard */,
				23EA65F31AEF96D800D3DD3C /* Images.xcassets */,
				231CC2701AF9714500AFEE0D /* LaunchFestook.storyboard */,
				23EA65CC1AEF961E00D3DD3C /* ViewControllers */,
				23EA65DD1AEF961E00D3DD3C /* Views */,
				23EA65AF1AEF961600D3DD3C /* Model */,
				23EA65C11AEF961E00D3DD3C /* ViewCells */,
				23EA65BC1AEF961E00D3DD3C /* Networking */,
				23D1525C1AF0E91C00A00AC9 /* Flurry */,
				23EA65831AEF94CA00D3DD3C /* Supporting Files */,
			);
			path = Festookv2;
			sourceTree = "<group>";
		};
		23EA65831AEF94CA00D3DD3C /* Supporting Files */ = {
			isa = PBXGroup;
			children = (
				23EA65AC1AEF95FD00D3DD3C /* AppDelegate.h */,
				23EA65AD1AEF95FD00D3DD3C /* AppDelegate.m */,
				23EA65841AEF94CA00D3DD3C /* Info.plist */,
				23EA65851AEF94CA00D3DD3C /* main.m */,
			);
			name = "Supporting Files";
			sourceTree = "<group>";
		};
		23EA659C1AEF94CA00D3DD3C /* Festookv2Tests */ = {
			isa = PBXGroup;
			children = (
				23EA659F1AEF94CA00D3DD3C /* Festookv2Tests.m */,
				23EA659D1AEF94CA00D3DD3C /* Supporting Files */,
			);
			path = Festookv2Tests;
			sourceTree = "<group>";
		};
		23EA659D1AEF94CA00D3DD3C /* Supporting Files */ = {
			isa = PBXGroup;
			children = (
				23EA659E1AEF94CA00D3DD3C /* Info.plist */,
			);
			name = "Supporting Files";
			sourceTree = "<group>";
		};
		23EA65AF1AEF961600D3DD3C /* Model */ = {
			isa = PBXGroup;
			children = (
				23EA65B01AEF961600D3DD3C /* Band.h */,
				23EA65B11AEF961600D3DD3C /* Band.m */,
				23EA65B21AEF961600D3DD3C /* BandSimilarityCalculator.h */,
				23EA65B31AEF961600D3DD3C /* BandSimilarityCalculator.m */,
				23EA65B41AEF961600D3DD3C /* Festival.h */,
				23EA65B51AEF961600D3DD3C /* Festival.m */,
				23EA65B61AEF961600D3DD3C /* FestivalSchedule.h */,
				23EA65B71AEF961600D3DD3C /* FestivalSchedule.m */,
			);
			path = Model;
			sourceTree = "<group>";
		};
		23EA65BC1AEF961E00D3DD3C /* Networking */ = {
			isa = PBXGroup;
			children = (
				23EA65BD1AEF961E00D3DD3C /* Connectability.h */,
				23EA65BE1AEF961E00D3DD3C /* Connectability.m */,
				23EA65BF1AEF961E00D3DD3C /* UIApplication+NetworkActivity.h */,
				23EA65C01AEF961E00D3DD3C /* UIApplication+NetworkActivity.m */,
			);
			path = Networking;
			sourceTree = "<group>";
		};
		23EA65C11AEF961E00D3DD3C /* ViewCells */ = {
			isa = PBXGroup;
			children = (
				23EA65C21AEF961E00D3DD3C /* BandCollectionViewCell.h */,
				23EA65C31AEF961E00D3DD3C /* BandCollectionViewCell.m */,
				23EA65C41AEF961E00D3DD3C /* BandsInSectionsCollectionHeaderView.h */,
				23EA65C51AEF961E00D3DD3C /* BandsInSectionsCollectionHeaderView.m */,
				23EA65C61AEF961E00D3DD3C /* FestivalCollectionViewCell.h */,
				23EA65C71AEF961E00D3DD3C /* FestivalCollectionViewCell.m */,
				23EA65C81AEF961E00D3DD3C /* FestivalIconsMenuTableViewCell.h */,
				23EA65C91AEF961E00D3DD3C /* FestivalIconsMenuTableViewCell.m */,
				23EA65CA1AEF961E00D3DD3C /* FestivalLogoMenuTableViewCell.h */,
				23EA65CB1AEF961E00D3DD3C /* FestivalLogoMenuTableViewCell.m */,
				23381B391AF78316005F52C8 /* ConcertRatingTableViewCell.h */,
				23381B3A1AF78316005F52C8 /* ConcertRatingTableViewCell.m */,
			);
			path = ViewCells;
			sourceTree = "<group>";
		};
		23EA65CC1AEF961E00D3DD3C /* ViewControllers */ = {
			isa = PBXGroup;
			children = (
				23EF6B0C1AF8FC110019118C /* LaunchVC.h */,
				23EF6B0D1AF8FC110019118C /* LaunchVC.m */,
				23EA65D71AEF961E00D3DD3C /* FestivalsBrowserVC.h */,
				23EA65D81AEF961E00D3DD3C /* FestivalsBrowserVC.m */,
				23EA65D11AEF961E00D3DD3C /* FestivalLineupVC.h */,
				23EA65D21AEF961E00D3DD3C /* FestivalLineupVC.m */,
				23EA65D91AEF961E00D3DD3C /* FestivalScheduleVC.h */,
				23EA65DA1AEF961E00D3DD3C /* FestivalScheduleVC.m */,
				232A17651AF7766A00489406 /* ConcertRatingsVC.h */,
				232A17661AF7766A00489406 /* ConcertRatingsVC.m */,
				23EA65CD1AEF961E00D3DD3C /* BandInfoVC.h */,
				23EA65CE1AEF961E00D3DD3C /* BandInfoVC.m */,
				23EA65CF1AEF961E00D3DD3C /* FestivalInfoVC.h */,
				23EA65D01AEF961E00D3DD3C /* FestivalInfoVC.m */,
				236C5AAD1AF276E600D885E4 /* AboutVC.h */,
				236C5AAE1AF276E600D885E4 /* AboutVC.m */,
				238070601AF4BE39009DE4B8 /* LegalTextVC.h */,
				238070611AF4BE39009DE4B8 /* LegalTextVC.m */,
				23EA65F51AEF984400D3DD3C /* Side Menu */,
			);
			path = ViewControllers;
			sourceTree = "<group>";
		};
		23EA65DD1AEF961E00D3DD3C /* Views */ = {
			isa = PBXGroup;
			children = (
				23EA65DE1AEF961E00D3DD3C /* EbcEnhancedView.h */,
				23EA65DF1AEF961E00D3DD3C /* EbcEnhancedView.m */,
				23EA65E01AEF961E00D3DD3C /* UIImage+ImageEffects.h */,
				23EA65E11AEF961E00D3DD3C /* UIImage+ImageEffects.m */,
			);
			path = Views;
			sourceTree = "<group>";
		};
		23EA65F51AEF984400D3DD3C /* Side Menu */ = {
			isa = PBXGroup;
			children = (
				23EA65D31AEF961E00D3DD3C /* FestivalMenuTVC.h */,
				23EA65D41AEF961E00D3DD3C /* FestivalMenuTVC.m */,
				23EA65D51AEF961E00D3DD3C /* FestivalRevealVC.h */,
				23EA65D61AEF961E00D3DD3C /* FestivalRevealVC.m */,
				23EA65DB1AEF961E00D3DD3C /* SWRevealViewController.h */,
				23EA65DC1AEF961E00D3DD3C /* SWRevealViewController.m */,
			);
			name = "Side Menu";
			sourceTree = "<group>";
		};
/* End PBXGroup section */

/* Begin PBXNativeTarget section */
		23EA657F1AEF94CA00D3DD3C /* Festookv2 */ = {
			isa = PBXNativeTarget;
			buildConfigurationList = 23EA65A31AEF94CA00D3DD3C /* Build configuration list for PBXNativeTarget "Festookv2" */;
			buildPhases = (
				23EA657C1AEF94CA00D3DD3C /* Sources */,
				23EA657D1AEF94CA00D3DD3C /* Frameworks */,
				23EA657E1AEF94CA00D3DD3C /* Resources */,
			);
			buildRules = (
			);
			dependencies = (
			);
			name = Festookv2;
			productName = Festookv2;
			productReference = 23EA65801AEF94CA00D3DD3C /* Festookv2.app */;
			productType = "com.apple.product-type.application";
		};
		23EA65981AEF94CA00D3DD3C /* Festookv2Tests */ = {
			isa = PBXNativeTarget;
			buildConfigurationList = 23EA65A61AEF94CA00D3DD3C /* Build configuration list for PBXNativeTarget "Festookv2Tests" */;
			buildPhases = (
				23EA65951AEF94CA00D3DD3C /* Sources */,
				23EA65961AEF94CA00D3DD3C /* Frameworks */,
				23EA65971AEF94CA00D3DD3C /* Resources */,
			);
			buildRules = (
			);
			dependencies = (
				23EA659B1AEF94CA00D3DD3C /* PBXTargetDependency */,
			);
			name = Festookv2Tests;
			productName = Festookv2Tests;
			productReference = 23EA65991AEF94CA00D3DD3C /* Festookv2Tests.xctest */;
			productType = "com.apple.product-type.bundle.unit-test";
		};
/* End PBXNativeTarget section */

/* Begin PBXProject section */
		23EA65781AEF94C900D3DD3C /* Project object */ = {
			isa = PBXProject;
			attributes = {
				LastUpgradeCheck = 0620;
				ORGANIZATIONNAME = ebc;
				TargetAttributes = {
					23EA657F1AEF94CA00D3DD3C = {
						CreatedOnToolsVersion = 6.2;
					};
					23EA65981AEF94CA00D3DD3C = {
						CreatedOnToolsVersion = 6.2;
						TestTargetID = 23EA657F1AEF94CA00D3DD3C;
					};
				};
			};
			buildConfigurationList = 23EA657B1AEF94C900D3DD3C /* Build configuration list for PBXProject "Festookv2" */;
			compatibilityVersion = "Xcode 3.2";
			developmentRegion = English;
			hasScannedForEncodings = 0;
			knownRegions = (
				en,
				Base,
			);
			mainGroup = 23EA65771AEF94C900D3DD3C;
			productRefGroup = 23EA65811AEF94CA00D3DD3C /* Products */;
			projectDirPath = "";
			projectRoot = "";
			targets = (
				23EA657F1AEF94CA00D3DD3C /* Festookv2 */,
				23EA65981AEF94CA00D3DD3C /* Festookv2Tests */,
			);
		};
/* End PBXProject section */

/* Begin PBXResourcesBuildPhase section */
		23EA657E1AEF94CA00D3DD3C /* Resources */ = {
			isa = PBXResourcesBuildPhase;
			buildActionMask = 2147483647;
			files = (
				23EA65F41AEF96D800D3DD3C /* Images.xcassets in Resources */,
				231CC2711AF9714500AFEE0D /* LaunchFestook.storyboard in Resources */,
				23EA65AB1AEF95E100D3DD3C /* Main.storyboard in Resources */,
			);
			runOnlyForDeploymentPostprocessing = 0;
		};
		23EA65971AEF94CA00D3DD3C /* Resources */ = {
			isa = PBXResourcesBuildPhase;
			buildActionMask = 2147483647;
			files = (
			);
			runOnlyForDeploymentPostprocessing = 0;
		};
/* End PBXResourcesBuildPhase section */

/* Begin PBXSourcesBuildPhase section */
		23EA657C1AEF94CA00D3DD3C /* Sources */ = {
			isa = PBXSourcesBuildPhase;
			buildActionMask = 2147483647;
			files = (
				236C5AAF1AF276E600D885E4 /* AboutVC.m in Sources */,
				23EA65E21AEF961E00D3DD3C /* Connectability.m in Sources */,
				23381B3B1AF78316005F52C8 /* ConcertRatingTableViewCell.m in Sources */,
				23EA65ED1AEF961E00D3DD3C /* FestivalRevealVC.m in Sources */,
				23EA65EB1AEF961E00D3DD3C /* FestivalLineupVC.m in Sources */,
				23EA65E51AEF961E00D3DD3C /* BandsInSectionsCollectionHeaderView.m in Sources */,
				23EA65BA1AEF961600D3DD3C /* Festival.m in Sources */,
				23EA65EE1AEF961E00D3DD3C /* FestivalsBrowserVC.m in Sources */,
				23EA65E91AEF961E00D3DD3C /* BandInfoVC.m in Sources */,
				23EA65B81AEF961600D3DD3C /* Band.m in Sources */,
				23EA65BB1AEF961600D3DD3C /* FestivalSchedule.m in Sources */,
				232A17671AF7766A00489406 /* ConcertRatingsVC.m in Sources */,
				23EA65EA1AEF961E00D3DD3C /* FestivalInfoVC.m in Sources */,
				23EA65AE1AEF95FD00D3DD3C /* AppDelegate.m in Sources */,
				23EA65E61AEF961E00D3DD3C /* FestivalCollectionViewCell.m in Sources */,
				238070621AF4BE39009DE4B8 /* LegalTextVC.m in Sources */,
				23EA65EC1AEF961E00D3DD3C /* FestivalMenuTVC.m in Sources */,
				23EF6B0E1AF8FC110019118C /* LaunchVC.m in Sources */,
				23EA65F11AEF961E00D3DD3C /* EbcEnhancedView.m in Sources */,
				23EA65E41AEF961E00D3DD3C /* BandCollectionViewCell.m in Sources */,
				23EA65F21AEF961E00D3DD3C /* UIImage+ImageEffects.m in Sources */,
				23EA65F01AEF961E00D3DD3C /* SWRevealViewController.m in Sources */,
				23EA65861AEF94CA00D3DD3C /* main.m in Sources */,
				23EA65EF1AEF961E00D3DD3C /* FestivalScheduleVC.m in Sources */,
				23EA65E31AEF961E00D3DD3C /* UIApplication+NetworkActivity.m in Sources */,
				23EA65E71AEF961E00D3DD3C /* FestivalIconsMenuTableViewCell.m in Sources */,
				23EA65B91AEF961600D3DD3C /* BandSimilarityCalculator.m in Sources */,
				23EA65E81AEF961E00D3DD3C /* FestivalLogoMenuTableViewCell.m in Sources */,
			);
			runOnlyForDeploymentPostprocessing = 0;
		};
		23EA65951AEF94CA00D3DD3C /* Sources */ = {
			isa = PBXSourcesBuildPhase;
			buildActionMask = 2147483647;
			files = (
				23EA65A01AEF94CA00D3DD3C /* Festookv2Tests.m in Sources */,
			);
			runOnlyForDeploymentPostprocessing = 0;
		};
/* End PBXSourcesBuildPhase section */

/* Begin PBXTargetDependency section */
		23EA659B1AEF94CA00D3DD3C /* PBXTargetDependency */ = {
			isa = PBXTargetDependency;
			target = 23EA657F1AEF94CA00D3DD3C /* Festookv2 */;
			targetProxy = 23EA659A1AEF94CA00D3DD3C /* PBXContainerItemProxy */;
		};
/* End PBXTargetDependency section */

/* Begin PBXVariantGroup section */
		23EA65A91AEF95E100D3DD3C /* Main.storyboard */ = {
			isa = PBXVariantGroup;
			children = (
				23EA65AA1AEF95E100D3DD3C /* Base */,
			);
			name = Main.storyboard;
			sourceTree = "<group>";
		};
/* End PBXVariantGroup section */

/* Begin XCBuildConfiguration section */
		23EA65A11AEF94CA00D3DD3C /* Debug */ = {
			isa = XCBuildConfiguration;
			buildSettings = {
				ALWAYS_SEARCH_USER_PATHS = NO;
				CLANG_CXX_LANGUAGE_STANDARD = "gnu++0x";
				CLANG_CXX_LIBRARY = "libc++";
				CLANG_ENABLE_MODULES = YES;
				CLANG_ENABLE_OBJC_ARC = YES;
				CLANG_WARN_BOOL_CONVERSION = YES;
				CLANG_WARN_CONSTANT_CONVERSION = YES;
				CLANG_WARN_DIRECT_OBJC_ISA_USAGE = YES_ERROR;
				CLANG_WARN_EMPTY_BODY = YES;
				CLANG_WARN_ENUM_CONVERSION = YES;
				CLANG_WARN_INT_CONVERSION = YES;
				CLANG_WARN_OBJC_ROOT_CLASS = YES_ERROR;
				CLANG_WARN_UNREACHABLE_CODE = YES;
				CLANG_WARN__DUPLICATE_METHOD_MATCH = YES;
				"CODE_SIGN_IDENTITY[sdk=iphoneos*]" = "iPhone Developer";
				COPY_PHASE_STRIP = NO;
				ENABLE_STRICT_OBJC_MSGSEND = YES;
				GCC_C_LANGUAGE_STANDARD = gnu99;
				GCC_DYNAMIC_NO_PIC = NO;
				GCC_OPTIMIZATION_LEVEL = 0;
				GCC_PREPROCESSOR_DEFINITIONS = (
					"DEBUG=1",
					"$(inherited)",
				);
				GCC_SYMBOLS_PRIVATE_EXTERN = NO;
				GCC_WARN_64_TO_32_BIT_CONVERSION = YES;
				GCC_WARN_ABOUT_RETURN_TYPE = YES_ERROR;
				GCC_WARN_UNDECLARED_SELECTOR = YES;
				GCC_WARN_UNINITIALIZED_AUTOS = YES_AGGRESSIVE;
				GCC_WARN_UNUSED_FUNCTION = YES;
				GCC_WARN_UNUSED_VARIABLE = YES;
				IPHONEOS_DEPLOYMENT_TARGET = 8.2;
				MTL_ENABLE_DEBUG_INFO = YES;
				ONLY_ACTIVE_ARCH = YES;
				SDKROOT = iphoneos;
			};
			name = Debug;
		};
		23EA65A21AEF94CA00D3DD3C /* Release */ = {
			isa = XCBuildConfiguration;
			buildSettings = {
				ALWAYS_SEARCH_USER_PATHS = NO;
				CLANG_CXX_LANGUAGE_STANDARD = "gnu++0x";
				CLANG_CXX_LIBRARY = "libc++";
				CLANG_ENABLE_MODULES = YES;
				CLANG_ENABLE_OBJC_ARC = YES;
				CLANG_WARN_BOOL_CONVERSION = YES;
				CLANG_WARN_CONSTANT_CONVERSION = YES;
				CLANG_WARN_DIRECT_OBJC_ISA_USAGE = YES_ERROR;
				CLANG_WARN_EMPTY_BODY = YES;
				CLANG_WARN_ENUM_CONVERSION = YES;
				CLANG_WARN_INT_CONVERSION = YES;
				CLANG_WARN_OBJC_ROOT_CLASS = YES_ERROR;
				CLANG_WARN_UNREACHABLE_CODE = YES;
				CLANG_WARN__DUPLICATE_METHOD_MATCH = YES;
				"CODE_SIGN_IDENTITY[sdk=iphoneos*]" = "iPhone Developer";
				COPY_PHASE_STRIP = NO;
				ENABLE_NS_ASSERTIONS = NO;
				ENABLE_STRICT_OBJC_MSGSEND = YES;
				GCC_C_LANGUAGE_STANDARD = gnu99;
				GCC_WARN_64_TO_32_BIT_CONVERSION = YES;
				GCC_WARN_ABOUT_RETURN_TYPE = YES_ERROR;
				GCC_WARN_UNDECLARED_SELECTOR = YES;
				GCC_WARN_UNINITIALIZED_AUTOS = YES_AGGRESSIVE;
				GCC_WARN_UNUSED_FUNCTION = YES;
				GCC_WARN_UNUSED_VARIABLE = YES;
				IPHONEOS_DEPLOYMENT_TARGET = 8.2;
				MTL_ENABLE_DEBUG_INFO = NO;
				SDKROOT = iphoneos;
				VALIDATE_PRODUCT = YES;
			};
			name = Release;
		};
		23EA65A41AEF94CA00D3DD3C /* Debug */ = {
			isa = XCBuildConfiguration;
			buildSettings = {
				ASSETCATALOG_COMPILER_APPICON_NAME = AppIcon;
				INFOPLIST_FILE = Festookv2/Info.plist;
				IPHONEOS_DEPLOYMENT_TARGET = 8.0;
				LD_RUNPATH_SEARCH_PATHS = "$(inherited) @executable_path/Frameworks";
				LIBRARY_SEARCH_PATHS = (
					"$(inherited)",
					"$(PROJECT_DIR)/Festookv2/Flurry",
				);
				PRODUCT_NAME = "$(TARGET_NAME)";
			};
			name = Debug;
		};
		23EA65A51AEF94CA00D3DD3C /* Release */ = {
			isa = XCBuildConfiguration;
			buildSettings = {
				ASSETCATALOG_COMPILER_APPICON_NAME = AppIcon;
				INFOPLIST_FILE = Festookv2/Info.plist;
				IPHONEOS_DEPLOYMENT_TARGET = 8.0;
				LD_RUNPATH_SEARCH_PATHS = "$(inherited) @executable_path/Frameworks";
				LIBRARY_SEARCH_PATHS = (
					"$(inherited)",
					"$(PROJECT_DIR)/Festookv2/Flurry",
				);
				PRODUCT_NAME = "$(TARGET_NAME)";
			};
			name = Release;
		};
		23EA65A71AEF94CA00D3DD3C /* Debug */ = {
			isa = XCBuildConfiguration;
			buildSettings = {
				BUNDLE_LOADER = "$(TEST_HOST)";
				FRAMEWORK_SEARCH_PATHS = (
					"$(SDKROOT)/Developer/Library/Frameworks",
					"$(inherited)",
				);
				GCC_PREPROCESSOR_DEFINITIONS = (
					"DEBUG=1",
					"$(inherited)",
				);
				INFOPLIST_FILE = Festookv2Tests/Info.plist;
				LD_RUNPATH_SEARCH_PATHS = "$(inherited) @executable_path/Frameworks @loader_path/Frameworks";
				PRODUCT_NAME = "$(TARGET_NAME)";
				TEST_HOST = "$(BUILT_PRODUCTS_DIR)/Festookv2.app/Festookv2";
			};
			name = Debug;
		};
		23EA65A81AEF94CA00D3DD3C /* Release */ = {
			isa = XCBuildConfiguration;
			buildSettings = {
				BUNDLE_LOADER = "$(TEST_HOST)";
				FRAMEWORK_SEARCH_PATHS = (
					"$(SDKROOT)/Developer/Library/Frameworks",
					"$(inherited)",
				);
				INFOPLIST_FILE = Festookv2Tests/Info.plist;
				LD_RUNPATH_SEARCH_PATHS = "$(inherited) @executable_path/Frameworks @loader_path/Frameworks";
				PRODUCT_NAME = "$(TARGET_NAME)";
				TEST_HOST = "$(BUILT_PRODUCTS_DIR)/Festookv2.app/Festookv2";
			};
			name = Release;
		};
/* End XCBuildConfiguration section */

/* Begin XCConfigurationList section */
		23EA657B1AEF94C900D3DD3C /* Build configuration list for PBXProject "Festookv2" */ = {
			isa = XCConfigurationList;
			buildConfigurations = (
				23EA65A11AEF94CA00D3DD3C /* Debug */,
				23EA65A21AEF94CA00D3DD3C /* Release */,
			);
			defaultConfigurationIsVisible = 0;
			defaultConfigurationName = Release;
		};
		23EA65A31AEF94CA00D3DD3C /* Build configuration list for PBXNativeTarget "Festookv2" */ = {
			isa = XCConfigurationList;
			buildConfigurations = (
				23EA65A41AEF94CA00D3DD3C /* Debug */,
				23EA65A51AEF94CA00D3DD3C /* Release */,
			);
			defaultConfigurationIsVisible = 0;
			defaultConfigurationName = Release;
		};
		23EA65A61AEF94CA00D3DD3C /* Build configuration list for PBXNativeTarget "Festookv2Tests" */ = {
			isa = XCConfigurationList;
			buildConfigurations = (
				23EA65A71AEF94CA00D3DD3C /* Debug */,
				23EA65A81AEF94CA00D3DD3C /* Release */,
			);
			defaultConfigurationIsVisible = 0;
			defaultConfigurationName = Release;
		};
/* End XCConfigurationList section */
	};
	rootObject = 23EA65781AEF94C900D3DD3C /* Project object */;
}
